
Microsoft Visual Studio Solution File, Format Version 12.00
# Visual Studio Version 16
VisualStudioVersion = 16.0.29201.188
MinimumVisualStudioVersion = 10.0.40219.1
Project("{FAE04EC0-301F-11D3-BF4B-00C04F79EFBC}") = "Events.Server", "Events.Server\Events.Server.csproj", "{2D89BE35-BF86-44E2-87B1-38A44ECA33FB}"
EndProject
Project("{9A19103F-16F7-4668-BE54-9A1E7A4F7556}") = "ClientApp", "ClientApp\ClientApp.csproj", "{46CC50E4-6A9E-4CB7-83F3-BAD77B0F0E18}"
EndProject
Project("{9A19103F-16F7-4668-BE54-9A1E7A4F7556}") = "Loh.Server", "Loh.Server\Loh.Server.csproj", "{96BD66D1-EBC9-4F69-B26F-EEFCA7DE097E}"
EndProject
Project("{FAE04EC0-301F-11D3-BF4B-00C04F79EFBC}") = "DynamicAssembly.Server", "DynamicAssembly.Server\DynamicAssembly.Server.csproj", "{064ECAF4-ABF2-4694-8780-F171CE3B809B}"
EndProject
Global
	GlobalSection(SolutionConfigurationPlatforms) = preSolution
		Debug|Any CPU = Debug|Any CPU
		Release|Any CPU = Release|Any CPU
	EndGlobalSection
	GlobalSection(ProjectConfigurationPlatforms) = postSolution
		{2D89BE35-BF86-44E2-87B1-38A44ECA33FB}.Debug|Any CPU.ActiveCfg = Debug|Any CPU
		{2D89BE35-BF86-44E2-87B1-38A44ECA33FB}.Debug|Any CPU.Build.0 = Debug|Any CPU
		{2D89BE35-BF86-44E2-87B1-38A44ECA33FB}.Release|Any CPU.ActiveCfg = Release|Any CPU
		{2D89BE35-BF86-44E2-87B1-38A44ECA33FB}.Release|Any CPU.Build.0 = Release|Any CPU
		{46CC50E4-6A9E-4CB7-83F3-BAD77B0F0E18}.Debug|Any CPU.ActiveCfg = Debug|Any CPU
		{46CC50E4-6A9E-4CB7-83F3-BAD77B0F0E18}.Debug|Any CPU.Build.0 = Debug|Any CPU
		{46CC50E4-6A9E-4CB7-83F3-BAD77B0F0E18}.Release|Any CPU.ActiveCfg = Release|Any CPU
		{46CC50E4-6A9E-4CB7-83F3-BAD77B0F0E18}.Release|Any CPU.Build.0 = Release|Any CPU
		{96BD66D1-EBC9-4F69-B26F-EEFCA7DE097E}.Debug|Any CPU.ActiveCfg = Debug|Any CPU
		{96BD66D1-EBC9-4F69-B26F-EEFCA7DE097E}.Debug|Any CPU.Build.0 = Debug|Any CPU
		{96BD66D1-EBC9-4F69-B26F-EEFCA7DE097E}.Release|Any CPU.ActiveCfg = Release|Any CPU
		{96BD66D1-EBC9-4F69-B26F-EEFCA7DE097E}.Release|Any CPU.Build.0 = Release|Any CPU
		{064ECAF4-ABF2-4694-8780-F171CE3B809B}.Debug|Any CPU.ActiveCfg = Debug|Any CPU
		{064ECAF4-ABF2-4694-8780-F171CE3B809B}.Debug|Any CPU.Build.0 = Debug|Any CPU
		{064ECAF4-ABF2-4694-8780-F171CE3B809B}.Release|Any CPU.ActiveCfg = Release|Any CPU
		{064ECAF4-ABF2-4694-8780-F171CE3B809B}.Release|Any CPU.Build.0 = Release|Any CPU
	EndGlobalSection
	GlobalSection(SolutionProperties) = preSolution
		HideSolutionNode = FALSE
	EndGlobalSection
	GlobalSection(ExtensibilityGlobals) = postSolution
		SolutionGuid = {C8A5B586-02D7-4FAF-84B7-32CAF53D3050}
	EndGlobalSection
EndGlobal
