
Microsoft Visual Studio Solution File, Format Version 12.00
# Visual Studio 15
VisualStudioVersion = 15.0.28307.572
MinimumVisualStudioVersion = 10.0.40219.1
Project("{2150E333-8FDC-42A3-9474-1A3956D46DE8}") = "Events", "Events", "{1EDE566D-6FF1-439D-9EC4-8B545A4B1C6C}"
EndProject
Project("{FAE04EC0-301F-11D3-BF4B-00C04F79EFBC}") = "Events.Server", "Events.Server\Events.Server.csproj", "{2D89BE35-BF86-44E2-87B1-38A44ECA33FB}"
EndProject
Project("{FAE04EC0-301F-11D3-BF4B-00C04F79EFBC}") = "ClientApp", "ClientApp\ClientApp.csproj", "{46CC50E4-6A9E-4CB7-83F3-BAD77B0F0E18}"
EndProject
Global
	GlobalSection(SolutionConfigurationPlatforms) = preSolution
		Debug|Any CPU = Debug|Any CPU
		Release|Any CPU = Release|Any CPU
	EndGlobalSection
	GlobalSection(ProjectConfigurationPlatforms) = postSolution
		{2D89BE35-BF86-44E2-87B1-38A44ECA33FB}.Debug|Any CPU.ActiveCfg = Debug|Any CPU
		{2D89BE35-BF86-44E2-87B1-38A44ECA33FB}.Debug|Any CPU.Build.0 = Debug|Any CPU
		{2D89BE35-BF86-44E2-87B1-38A44ECA33FB}.Release|Any CPU.ActiveCfg = Release|Any CPU
		{2D89BE35-BF86-44E2-87B1-38A44ECA33FB}.Release|Any CPU.Build.0 = Release|Any CPU
		{46CC50E4-6A9E-4CB7-83F3-BAD77B0F0E18}.Debug|Any CPU.ActiveCfg = Debug|Any CPU
		{46CC50E4-6A9E-4CB7-83F3-BAD77B0F0E18}.Debug|Any CPU.Build.0 = Debug|Any CPU
		{46CC50E4-6A9E-4CB7-83F3-BAD77B0F0E18}.Release|Any CPU.ActiveCfg = Release|Any CPU
		{46CC50E4-6A9E-4CB7-83F3-BAD77B0F0E18}.Release|Any CPU.Build.0 = Release|Any CPU
	EndGlobalSection
	GlobalSection(SolutionProperties) = preSolution
		HideSolutionNode = FALSE
	EndGlobalSection
	GlobalSection(NestedProjects) = preSolution
		{2D89BE35-BF86-44E2-87B1-38A44ECA33FB} = {1EDE566D-6FF1-439D-9EC4-8B545A4B1C6C}
	EndGlobalSection
	GlobalSection(ExtensibilityGlobals) = postSolution
		SolutionGuid = {C8A5B586-02D7-4FAF-84B7-32CAF53D3050}
	EndGlobalSection
EndGlobal
